
Microsoft Visual Studio Solution File, Format Version 12.00
# Visual Studio 2013
VisualStudioVersion = 12.0.31101.0
MinimumVisualStudioVersion = 10.0.40219.1
Project("{FAE04EC0-301F-11D3-BF4B-00C04F79EFBC}") = "MyTeam", "MyTeam\MyTeam.csproj", "{042672F1-E56E-45E9-A579-E59F8E702BF4}"
EndProject
Project("{FAE04EC0-301F-11D3-BF4B-00C04F79EFBC}") = "MyTeam.Services", "MyTeam.Services\MyTeam.Services.csproj", "{CE9E9E62-3382-4FCB-831B-7B0302DA6F53}"
EndProject
Global
	GlobalSection(SolutionConfigurationPlatforms) = preSolution
		Debug|Any CPU = Debug|Any CPU
		Release|Any CPU = Release|Any CPU
	EndGlobalSection
	GlobalSection(ProjectConfigurationPlatforms) = postSolution
		{042672F1-E56E-45E9-A579-E59F8E702BF4}.Debug|Any CPU.ActiveCfg = Debug|Any CPU
		{042672F1-E56E-45E9-A579-E59F8E702BF4}.Debug|Any CPU.Build.0 = Debug|Any CPU
		{042672F1-E56E-45E9-A579-E59F8E702BF4}.Release|Any CPU.ActiveCfg = Release|Any CPU
		{042672F1-E56E-45E9-A579-E59F8E702BF4}.Release|Any CPU.Build.0 = Release|Any CPU
		{CE9E9E62-3382-4FCB-831B-7B0302DA6F53}.Debug|Any CPU.ActiveCfg = Debug|Any CPU
		{CE9E9E62-3382-4FCB-831B-7B0302DA6F53}.Debug|Any CPU.Build.0 = Debug|Any CPU
		{CE9E9E62-3382-4FCB-831B-7B0302DA6F53}.Release|Any CPU.ActiveCfg = Release|Any CPU
		{CE9E9E62-3382-4FCB-831B-7B0302DA6F53}.Release|Any CPU.Build.0 = Release|Any CPU
	EndGlobalSection
	GlobalSection(SolutionProperties) = preSolution
		HideSolutionNode = FALSE
	EndGlobalSection
EndGlobal
